// !$*UTF8*$!
{
	archiveVersion = 1;
	classes = {
	};
	objectVersion = 55;
	objects = {

/* Begin PBXBuildFile section */
		4F4C60FC28E0646900012068 /* Assets.xcassets in Resources */ = {isa = PBXBuildFile; fileRef = 4F4C60FB28E0646900012068 /* Assets.xcassets */; };
		4F4C60FE28E064BE00012068 /* Color.swift in Sources */ = {isa = PBXBuildFile; fileRef = 4F4C60FD28E064BE00012068 /* Color.swift */; };
		4F4C610028E073C500012068 /* PreviewProvider.swift in Sources */ = {isa = PBXBuildFile; fileRef = 4F4C60FF28E073C500012068 /* PreviewProvider.swift */; };
		4F4C610228E073FC00012068 /* UIApplication.swift in Sources */ = {isa = PBXBuildFile; fileRef = 4F4C610128E073FC00012068 /* UIApplication.swift */; };
		4F4C610C28E074A400012068 /* HomeView.swift in Sources */ = {isa = PBXBuildFile; fileRef = 4F4C610B28E074A400012068 /* HomeView.swift */; };
		4F4C612028E0974100012068 /* AllContestModel.swift in Sources */ = {isa = PBXBuildFile; fileRef = 4F4C611F28E0974100012068 /* AllContestModel.swift */; };
		4F4C612228E0979C00012068 /* ContestDataService.swift in Sources */ = {isa = PBXBuildFile; fileRef = 4F4C612128E0979C00012068 /* ContestDataService.swift */; };
		4F4C612428E097E000012068 /* NetworkingManager.swift in Sources */ = {isa = PBXBuildFile; fileRef = 4F4C612328E097E000012068 /* NetworkingManager.swift */; };
		4F4C612628E0982600012068 /* Date.swift in Sources */ = {isa = PBXBuildFile; fileRef = 4F4C612528E0982600012068 /* Date.swift */; };
		4F4C612A28E0987D00012068 /* AllContestViewModel.swift in Sources */ = {isa = PBXBuildFile; fileRef = 4F4C612928E0987D00012068 /* AllContestViewModel.swift */; };
		4F4C612E28E098BE00012068 /* AllContestsView.swift in Sources */ = {isa = PBXBuildFile; fileRef = 4F4C612D28E098BD00012068 /* AllContestsView.swift */; };
		4F4C613028E098D100012068 /* ContestView.swift in Sources */ = {isa = PBXBuildFile; fileRef = 4F4C612F28E098D100012068 /* ContestView.swift */; };
		4F52973928E0CEE400043640 /* GoogleService-Info.plist in Resources */ = {isa = PBXBuildFile; fileRef = 4F52973828E0CEE400043640 /* GoogleService-Info.plist */; };
		4F52973C28E0CF3D00043640 /* FirebaseAuth in Frameworks */ = {isa = PBXBuildFile; productRef = 4F52973B28E0CF3D00043640 /* FirebaseAuth */; };
		4F52973E28E0CF3D00043640 /* FirebaseFirestore in Frameworks */ = {isa = PBXBuildFile; productRef = 4F52973D28E0CF3D00043640 /* FirebaseFirestore */; };
		4F52974428E0D02200043640 /* AuthViewModel.swift in Sources */ = {isa = PBXBuildFile; fileRef = 4F52974328E0D02200043640 /* AuthViewModel.swift */; };
		4F52974628E0D0D100043640 /* FirstScreen.swift in Sources */ = {isa = PBXBuildFile; fileRef = 4F52974528E0D0D100043640 /* FirstScreen.swift */; };
		4F52974828E0D11000043640 /* LoginView.swift in Sources */ = {isa = PBXBuildFile; fileRef = 4F52974728E0D11000043640 /* LoginView.swift */; };
		4F52974A28E0D11D00043640 /* SignUpView.swift in Sources */ = {isa = PBXBuildFile; fileRef = 4F52974928E0D11D00043640 /* SignUpView.swift */; };
		4F97B28728E03440004C3BE2 /* _9_NoobCoders_iOSApp.swift in Sources */ = {isa = PBXBuildFile; fileRef = 4F97B28628E03440004C3BE2 /* _9_NoobCoders_iOSApp.swift */; };
		4F97B28928E03440004C3BE2 /* ContentView.swift in Sources */ = {isa = PBXBuildFile; fileRef = 4F97B28828E03440004C3BE2 /* ContentView.swift */; };
		4F97B28E28E03443004C3BE2 /* Preview Assets.xcassets in Resources */ = {isa = PBXBuildFile; fileRef = 4F97B28D28E03443004C3BE2 /* Preview Assets.xcassets */; };
/* End PBXBuildFile section */

/* Begin PBXFileReference section */
		4F4C60FB28E0646900012068 /* Assets.xcassets */ = {isa = PBXFileReference; lastKnownFileType = folder.assetcatalog; path = Assets.xcassets; sourceTree = "<group>"; };
		4F4C60FD28E064BE00012068 /* Color.swift */ = {isa = PBXFileReference; lastKnownFileType = sourcecode.swift; path = Color.swift; sourceTree = "<group>"; };
		4F4C60FF28E073C500012068 /* PreviewProvider.swift */ = {isa = PBXFileReference; lastKnownFileType = sourcecode.swift; path = PreviewProvider.swift; sourceTree = "<group>"; };
		4F4C610128E073FC00012068 /* UIApplication.swift */ = {isa = PBXFileReference; lastKnownFileType = sourcecode.swift; path = UIApplication.swift; sourceTree = "<group>"; };
		4F4C610B28E074A400012068 /* HomeView.swift */ = {isa = PBXFileReference; lastKnownFileType = sourcecode.swift; path = HomeView.swift; sourceTree = "<group>"; };
		4F4C611F28E0974100012068 /* AllContestModel.swift */ = {isa = PBXFileReference; lastKnownFileType = sourcecode.swift; path = AllContestModel.swift; sourceTree = "<group>"; };
		4F4C612128E0979C00012068 /* ContestDataService.swift */ = {isa = PBXFileReference; lastKnownFileType = sourcecode.swift; path = ContestDataService.swift; sourceTree = "<group>"; };
		4F4C612328E097E000012068 /* NetworkingManager.swift */ = {isa = PBXFileReference; lastKnownFileType = sourcecode.swift; path = NetworkingManager.swift; sourceTree = "<group>"; };
		4F4C612528E0982600012068 /* Date.swift */ = {isa = PBXFileReference; lastKnownFileType = sourcecode.swift; path = Date.swift; sourceTree = "<group>"; };
		4F4C612928E0987D00012068 /* AllContestViewModel.swift */ = {isa = PBXFileReference; lastKnownFileType = sourcecode.swift; path = AllContestViewModel.swift; sourceTree = "<group>"; };
		4F4C612D28E098BD00012068 /* AllContestsView.swift */ = {isa = PBXFileReference; lastKnownFileType = sourcecode.swift; path = AllContestsView.swift; sourceTree = "<group>"; };
		4F4C612F28E098D100012068 /* ContestView.swift */ = {isa = PBXFileReference; lastKnownFileType = sourcecode.swift; path = ContestView.swift; sourceTree = "<group>"; };
		4F52973828E0CEE400043640 /* GoogleService-Info.plist */ = {isa = PBXFileReference; fileEncoding = 4; lastKnownFileType = text.plist.xml; path = "GoogleService-Info.plist"; sourceTree = "<group>"; };
		4F52974328E0D02200043640 /* AuthViewModel.swift */ = {isa = PBXFileReference; lastKnownFileType = sourcecode.swift; path = AuthViewModel.swift; sourceTree = "<group>"; };
		4F52974528E0D0D100043640 /* FirstScreen.swift */ = {isa = PBXFileReference; lastKnownFileType = sourcecode.swift; path = FirstScreen.swift; sourceTree = "<group>"; };
		4F52974728E0D11000043640 /* LoginView.swift */ = {isa = PBXFileReference; lastKnownFileType = sourcecode.swift; path = LoginView.swift; sourceTree = "<group>"; };
		4F52974928E0D11D00043640 /* SignUpView.swift */ = {isa = PBXFileReference; lastKnownFileType = sourcecode.swift; path = SignUpView.swift; sourceTree = "<group>"; };
		4F97B28328E03440004C3BE2 /* 09-NoobCoders-iOS.app */ = {isa = PBXFileReference; explicitFileType = wrapper.application; includeInIndex = 0; path = "09-NoobCoders-iOS.app"; sourceTree = BUILT_PRODUCTS_DIR; };
		4F97B28628E03440004C3BE2 /* _9_NoobCoders_iOSApp.swift */ = {isa = PBXFileReference; lastKnownFileType = sourcecode.swift; path = _9_NoobCoders_iOSApp.swift; sourceTree = "<group>"; };
		4F97B28828E03440004C3BE2 /* ContentView.swift */ = {isa = PBXFileReference; lastKnownFileType = sourcecode.swift; path = ContentView.swift; sourceTree = "<group>"; };
		4F97B28D28E03443004C3BE2 /* Preview Assets.xcassets */ = {isa = PBXFileReference; lastKnownFileType = folder.assetcatalog; path = "Preview Assets.xcassets"; sourceTree = "<group>"; };
/* End PBXFileReference section */

/* Begin PBXFrameworksBuildPhase section */
		4F97B28028E03440004C3BE2 /* Frameworks */ = {
			isa = PBXFrameworksBuildPhase;
			buildActionMask = 2147483647;
			files = (
				4F52973C28E0CF3D00043640 /* FirebaseAuth in Frameworks */,
				4F52973E28E0CF3D00043640 /* FirebaseFirestore in Frameworks */,
			);
			runOnlyForDeploymentPostprocessing = 0;
		};
/* End PBXFrameworksBuildPhase section */

/* Begin PBXGroup section */
		4F4C60F628E0635000012068 /* Utilities */ = {
			isa = PBXGroup;
			children = (
				4F4C612328E097E000012068 /* NetworkingManager.swift */,
			);
			path = Utilities;
			sourceTree = "<group>";
		};
		4F4C60F728E0638900012068 /* Services */ = {
			isa = PBXGroup;
			children = (
				4F4C612128E0979C00012068 /* ContestDataService.swift */,
			);
			path = Services;
			sourceTree = "<group>";
		};
		4F4C60F828E0639200012068 /* Extensions */ = {
			isa = PBXGroup;
			children = (
				4F4C60FD28E064BE00012068 /* Color.swift */,
				4F4C60FF28E073C500012068 /* PreviewProvider.swift */,
				4F4C610128E073FC00012068 /* UIApplication.swift */,
				4F4C612528E0982600012068 /* Date.swift */,
			);
			path = Extensions;
			sourceTree = "<group>";
		};
		4F4C60F928E0639E00012068 /* Models */ = {
			isa = PBXGroup;
			children = (
				4F4C611F28E0974100012068 /* AllContestModel.swift */,
			);
			path = Models;
			sourceTree = "<group>";
		};
		4F4C60FA28E063A600012068 /* Core */ = {
			isa = PBXGroup;
			children = (
				4F4C610828E0745200012068 /* Home */,
				4F4C610728E0744500012068 /* All Contests */,
				4F4C610628E0743C00012068 /* Resources */,
				4F4C610528E0742E00012068 /* GeeksForGeeks */,
				4F4C610428E0742600012068 /* News */,
				4F4C610328E0741B00012068 /* Jobs */,
				4F52974028E0CFD200043640 /* Auth */,
				4F4C610D28E07E8A00012068 /* Launch */,
				4F4C610E28E07E9200012068 /* Components */,
			);
			path = Core;
			sourceTree = "<group>";
		};
		4F4C610328E0741B00012068 /* Jobs */ = {
			isa = PBXGroup;
			children = (
			);
			path = Jobs;
			sourceTree = "<group>";
		};
		4F4C610428E0742600012068 /* News */ = {
			isa = PBXGroup;
			children = (
			);
			path = News;
			sourceTree = "<group>";
		};
		4F4C610528E0742E00012068 /* GeeksForGeeks */ = {
			isa = PBXGroup;
			children = (
			);
			path = GeeksForGeeks;
			sourceTree = "<group>";
		};
		4F4C610628E0743C00012068 /* Resources */ = {
			isa = PBXGroup;
			children = (
			);
			path = Resources;
			sourceTree = "<group>";
		};
		4F4C610728E0744500012068 /* All Contests */ = {
			isa = PBXGroup;
			children = (
				4F4C612828E0986100012068 /* Views */,
				4F4C612728E0985A00012068 /* ViewModels */,
			);
			path = "All Contests";
			sourceTree = "<group>";
		};
		4F4C610828E0745200012068 /* Home */ = {
			isa = PBXGroup;
			children = (
				4F4C610A28E0749300012068 /* Views */,
				4F4C610928E0748D00012068 /* ViewModels */,
			);
			path = Home;
			sourceTree = "<group>";
		};
		4F4C610928E0748D00012068 /* ViewModels */ = {
			isa = PBXGroup;
			children = (
			);
			path = ViewModels;
			sourceTree = "<group>";
		};
		4F4C610A28E0749300012068 /* Views */ = {
			isa = PBXGroup;
			children = (
				4F4C610B28E074A400012068 /* HomeView.swift */,
			);
			path = Views;
			sourceTree = "<group>";
		};
		4F4C610D28E07E8A00012068 /* Launch */ = {
			isa = PBXGroup;
			children = (
			);
			path = Launch;
			sourceTree = "<group>";
		};
		4F4C610E28E07E9200012068 /* Components */ = {
			isa = PBXGroup;
			children = (
			);
			path = Components;
			sourceTree = "<group>";
		};
		4F4C612728E0985A00012068 /* ViewModels */ = {
			isa = PBXGroup;
			children = (
				4F4C612928E0987D00012068 /* AllContestViewModel.swift */,
			);
			path = ViewModels;
			sourceTree = "<group>";
		};
		4F4C612828E0986100012068 /* Views */ = {
			isa = PBXGroup;
			children = (
				4F4C612D28E098BD00012068 /* AllContestsView.swift */,
				4F4C612F28E098D100012068 /* ContestView.swift */,
			);
			path = Views;
			sourceTree = "<group>";
		};
		4F52974028E0CFD200043640 /* Auth */ = {
			isa = PBXGroup;
			children = (
				4F52974228E0CFF000043640 /* Views */,
				4F52974128E0CFE900043640 /* ViewModels */,
			);
			path = Auth;
			sourceTree = "<group>";
		};
		4F52974128E0CFE900043640 /* ViewModels */ = {
			isa = PBXGroup;
			children = (
				4F52974328E0D02200043640 /* AuthViewModel.swift */,
			);
			path = ViewModels;
			sourceTree = "<group>";
		};
		4F52974228E0CFF000043640 /* Views */ = {
			isa = PBXGroup;
			children = (
				4F52974528E0D0D100043640 /* FirstScreen.swift */,
				4F52974728E0D11000043640 /* LoginView.swift */,
				4F52974928E0D11D00043640 /* SignUpView.swift */,
			);
			path = Views;
			sourceTree = "<group>";
		};
		4F97B27A28E03440004C3BE2 = {
			isa = PBXGroup;
			children = (
				4F97B28528E03440004C3BE2 /* 09-NoobCoders-iOS */,
				4F97B28428E03440004C3BE2 /* Products */,
			);
			sourceTree = "<group>";
		};
		4F97B28428E03440004C3BE2 /* Products */ = {
			isa = PBXGroup;
			children = (
				4F97B28328E03440004C3BE2 /* 09-NoobCoders-iOS.app */,
			);
			name = Products;
			sourceTree = "<group>";
		};
		4F97B28528E03440004C3BE2 /* 09-NoobCoders-iOS */ = {
			isa = PBXGroup;
			children = (
				4F52973828E0CEE400043640 /* GoogleService-Info.plist */,
				4F97B28628E03440004C3BE2 /* _9_NoobCoders_iOSApp.swift */,
				4F97B28828E03440004C3BE2 /* ContentView.swift */,
				4F4C60F628E0635000012068 /* Utilities */,
				4F4C60F728E0638900012068 /* Services */,
				4F4C60F828E0639200012068 /* Extensions */,
				4F4C60F928E0639E00012068 /* Models */,
				4F4C60FA28E063A600012068 /* Core */,
				4F97B28C28E03443004C3BE2 /* Preview Content */,
				4F4C60FB28E0646900012068 /* Assets.xcassets */,
			);
			path = "09-NoobCoders-iOS";
			sourceTree = "<group>";
		};
		4F97B28C28E03443004C3BE2 /* Preview Content */ = {
			isa = PBXGroup;
			children = (
				4F97B28D28E03443004C3BE2 /* Preview Assets.xcassets */,
			);
			path = "Preview Content";
			sourceTree = "<group>";
		};
/* End PBXGroup section */

/* Begin PBXNativeTarget section */
		4F97B28228E03440004C3BE2 /* 09-NoobCoders-iOS */ = {
			isa = PBXNativeTarget;
			buildConfigurationList = 4F97B29128E03443004C3BE2 /* Build configuration list for PBXNativeTarget "09-NoobCoders-iOS" */;
			buildPhases = (
				4F97B27F28E03440004C3BE2 /* Sources */,
				4F97B28028E03440004C3BE2 /* Frameworks */,
				4F97B28128E03440004C3BE2 /* Resources */,
			);
			buildRules = (
			);
			dependencies = (
			);
			name = "09-NoobCoders-iOS";
			packageProductDependencies = (
				4F52973B28E0CF3D00043640 /* FirebaseAuth */,
				4F52973D28E0CF3D00043640 /* FirebaseFirestore */,
			);
			productName = "09-NoobCoders-iOS";
			productReference = 4F97B28328E03440004C3BE2 /* 09-NoobCoders-iOS.app */;
			productType = "com.apple.product-type.application";
		};
/* End PBXNativeTarget section */

/* Begin PBXProject section */
		4F97B27B28E03440004C3BE2 /* Project object */ = {
			isa = PBXProject;
			attributes = {
				BuildIndependentTargetsInParallel = 1;
				LastSwiftUpdateCheck = 1340;
				LastUpgradeCheck = 1340;
				TargetAttributes = {
					4F97B28228E03440004C3BE2 = {
						CreatedOnToolsVersion = 13.4.1;
					};
				};
			};
			buildConfigurationList = 4F97B27E28E03440004C3BE2 /* Build configuration list for PBXProject "09-NoobCoders-iOS" */;
			compatibilityVersion = "Xcode 13.0";
			developmentRegion = en;
			hasScannedForEncodings = 0;
			knownRegions = (
				en,
				Base,
			);
			mainGroup = 4F97B27A28E03440004C3BE2;
			packageReferences = (
				4F52973A28E0CF3D00043640 /* XCRemoteSwiftPackageReference "firebase-ios-sdk" */,
			);
			productRefGroup = 4F97B28428E03440004C3BE2 /* Products */;
			projectDirPath = "";
			projectRoot = "";
			targets = (
				4F97B28228E03440004C3BE2 /* 09-NoobCoders-iOS */,
			);
		};
/* End PBXProject section */

/* Begin PBXResourcesBuildPhase section */
		4F97B28128E03440004C3BE2 /* Resources */ = {
			isa = PBXResourcesBuildPhase;
			buildActionMask = 2147483647;
			files = (
				4F4C60FC28E0646900012068 /* Assets.xcassets in Resources */,
				4F97B28E28E03443004C3BE2 /* Preview Assets.xcassets in Resources */,
				4F52973928E0CEE400043640 /* GoogleService-Info.plist in Resources */,
			);
			runOnlyForDeploymentPostprocessing = 0;
		};
/* End PBXResourcesBuildPhase section */

/* Begin PBXSourcesBuildPhase section */
		4F97B27F28E03440004C3BE2 /* Sources */ = {
			isa = PBXSourcesBuildPhase;
			buildActionMask = 2147483647;
			files = (
				4F97B28928E03440004C3BE2 /* ContentView.swift in Sources */,
				4F4C612628E0982600012068 /* Date.swift in Sources */,
				4F4C610028E073C500012068 /* PreviewProvider.swift in Sources */,
				4F4C612A28E0987D00012068 /* AllContestViewModel.swift in Sources */,
				4F97B28728E03440004C3BE2 /* _9_NoobCoders_iOSApp.swift in Sources */,
				4F4C610C28E074A400012068 /* HomeView.swift in Sources */,
				4F4C610228E073FC00012068 /* UIApplication.swift in Sources */,
				4F4C612E28E098BE00012068 /* AllContestsView.swift in Sources */,
				4F4C612028E0974100012068 /* AllContestModel.swift in Sources */,
				4F4C612428E097E000012068 /* NetworkingManager.swift in Sources */,
				4F52974428E0D02200043640 /* AuthViewModel.swift in Sources */,
				4F4C612228E0979C00012068 /* ContestDataService.swift in Sources */,
				4F52974A28E0D11D00043640 /* SignUpView.swift in Sources */,
				4F4C613028E098D100012068 /* ContestView.swift in Sources */,
				4F4C60FE28E064BE00012068 /* Color.swift in Sources */,
				4F52974828E0D11000043640 /* LoginView.swift in Sources */,
				4F52974628E0D0D100043640 /* FirstScreen.swift in Sources */,
			);
			runOnlyForDeploymentPostprocessing = 0;
		};
/* End PBXSourcesBuildPhase section */

/* Begin XCBuildConfiguration section */
		4F97B28F28E03443004C3BE2 /* Debug */ = {
			isa = XCBuildConfiguration;
			buildSettings = {
				ALWAYS_SEARCH_USER_PATHS = NO;
				CLANG_ANALYZER_NONNULL = YES;
				CLANG_ANALYZER_NUMBER_OBJECT_CONVERSION = YES_AGGRESSIVE;
				CLANG_CXX_LANGUAGE_STANDARD = "gnu++17";
				CLANG_ENABLE_MODULES = YES;
				CLANG_ENABLE_OBJC_ARC = YES;
				CLANG_ENABLE_OBJC_WEAK = YES;
				CLANG_WARN_BLOCK_CAPTURE_AUTORELEASING = YES;
				CLANG_WARN_BOOL_CONVERSION = YES;
				CLANG_WARN_COMMA = YES;
				CLANG_WARN_CONSTANT_CONVERSION = YES;
				CLANG_WARN_DEPRECATED_OBJC_IMPLEMENTATIONS = YES;
				CLANG_WARN_DIRECT_OBJC_ISA_USAGE = YES_ERROR;
				CLANG_WARN_DOCUMENTATION_COMMENTS = YES;
				CLANG_WARN_EMPTY_BODY = YES;
				CLANG_WARN_ENUM_CONVERSION = YES;
				CLANG_WARN_INFINITE_RECURSION = YES;
				CLANG_WARN_INT_CONVERSION = YES;
				CLANG_WARN_NON_LITERAL_NULL_CONVERSION = YES;
				CLANG_WARN_OBJC_IMPLICIT_RETAIN_SELF = YES;
				CLANG_WARN_OBJC_LITERAL_CONVERSION = YES;
				CLANG_WARN_OBJC_ROOT_CLASS = YES_ERROR;
				CLANG_WARN_QUOTED_INCLUDE_IN_FRAMEWORK_HEADER = YES;
				CLANG_WARN_RANGE_LOOP_ANALYSIS = YES;
				CLANG_WARN_STRICT_PROTOTYPES = YES;
				CLANG_WARN_SUSPICIOUS_MOVE = YES;
				CLANG_WARN_UNGUARDED_AVAILABILITY = YES_AGGRESSIVE;
				CLANG_WARN_UNREACHABLE_CODE = YES;
				CLANG_WARN__DUPLICATE_METHOD_MATCH = YES;
				COPY_PHASE_STRIP = NO;
				DEBUG_INFORMATION_FORMAT = dwarf;
				ENABLE_STRICT_OBJC_MSGSEND = YES;
				ENABLE_TESTABILITY = YES;
				GCC_C_LANGUAGE_STANDARD = gnu11;
				GCC_DYNAMIC_NO_PIC = NO;
				GCC_NO_COMMON_BLOCKS = YES;
				GCC_OPTIMIZATION_LEVEL = 0;
				GCC_PREPROCESSOR_DEFINITIONS = (
					"DEBUG=1",
					"$(inherited)",
				);
				GCC_WARN_64_TO_32_BIT_CONVERSION = YES;
				GCC_WARN_ABOUT_RETURN_TYPE = YES_ERROR;
				GCC_WARN_UNDECLARED_SELECTOR = YES;
				GCC_WARN_UNINITIALIZED_AUTOS = YES_AGGRESSIVE;
				GCC_WARN_UNUSED_FUNCTION = YES;
				GCC_WARN_UNUSED_VARIABLE = YES;
				IPHONEOS_DEPLOYMENT_TARGET = 15.5;
				MTL_ENABLE_DEBUG_INFO = INCLUDE_SOURCE;
				MTL_FAST_MATH = YES;
				ONLY_ACTIVE_ARCH = YES;
				SDKROOT = iphoneos;
				SWIFT_ACTIVE_COMPILATION_CONDITIONS = DEBUG;
				SWIFT_OPTIMIZATION_LEVEL = "-Onone";
			};
			name = Debug;
		};
		4F97B29028E03443004C3BE2 /* Release */ = {
			isa = XCBuildConfiguration;
			buildSettings = {
				ALWAYS_SEARCH_USER_PATHS = NO;
				CLANG_ANALYZER_NONNULL = YES;
				CLANG_ANALYZER_NUMBER_OBJECT_CONVERSION = YES_AGGRESSIVE;
				CLANG_CXX_LANGUAGE_STANDARD = "gnu++17";
				CLANG_ENABLE_MODULES = YES;
				CLANG_ENABLE_OBJC_ARC = YES;
				CLANG_ENABLE_OBJC_WEAK = YES;
				CLANG_WARN_BLOCK_CAPTURE_AUTORELEASING = YES;
				CLANG_WARN_BOOL_CONVERSION = YES;
				CLANG_WARN_COMMA = YES;
				CLANG_WARN_CONSTANT_CONVERSION = YES;
				CLANG_WARN_DEPRECATED_OBJC_IMPLEMENTATIONS = YES;
				CLANG_WARN_DIRECT_OBJC_ISA_USAGE = YES_ERROR;
				CLANG_WARN_DOCUMENTATION_COMMENTS = YES;
				CLANG_WARN_EMPTY_BODY = YES;
				CLANG_WARN_ENUM_CONVERSION = YES;
				CLANG_WARN_INFINITE_RECURSION = YES;
				CLANG_WARN_INT_CONVERSION = YES;
				CLANG_WARN_NON_LITERAL_NULL_CONVERSION = YES;
				CLANG_WARN_OBJC_IMPLICIT_RETAIN_SELF = YES;
				CLANG_WARN_OBJC_LITERAL_CONVERSION = YES;
				CLANG_WARN_OBJC_ROOT_CLASS = YES_ERROR;
				CLANG_WARN_QUOTED_INCLUDE_IN_FRAMEWORK_HEADER = YES;
				CLANG_WARN_RANGE_LOOP_ANALYSIS = YES;
				CLANG_WARN_STRICT_PROTOTYPES = YES;
				CLANG_WARN_SUSPICIOUS_MOVE = YES;
				CLANG_WARN_UNGUARDED_AVAILABILITY = YES_AGGRESSIVE;
				CLANG_WARN_UNREACHABLE_CODE = YES;
				CLANG_WARN__DUPLICATE_METHOD_MATCH = YES;
				COPY_PHASE_STRIP = NO;
				DEBUG_INFORMATION_FORMAT = "dwarf-with-dsym";
				ENABLE_NS_ASSERTIONS = NO;
				ENABLE_STRICT_OBJC_MSGSEND = YES;
				GCC_C_LANGUAGE_STANDARD = gnu11;
				GCC_NO_COMMON_BLOCKS = YES;
				GCC_WARN_64_TO_32_BIT_CONVERSION = YES;
				GCC_WARN_ABOUT_RETURN_TYPE = YES_ERROR;
				GCC_WARN_UNDECLARED_SELECTOR = YES;
				GCC_WARN_UNINITIALIZED_AUTOS = YES_AGGRESSIVE;
				GCC_WARN_UNUSED_FUNCTION = YES;
				GCC_WARN_UNUSED_VARIABLE = YES;
				IPHONEOS_DEPLOYMENT_TARGET = 15.5;
				MTL_ENABLE_DEBUG_INFO = NO;
				MTL_FAST_MATH = YES;
				SDKROOT = iphoneos;
				SWIFT_COMPILATION_MODE = wholemodule;
				SWIFT_OPTIMIZATION_LEVEL = "-O";
				VALIDATE_PRODUCT = YES;
			};
			name = Release;
		};
		4F97B29228E03443004C3BE2 /* Debug */ = {
			isa = XCBuildConfiguration;
			buildSettings = {
				ASSETCATALOG_COMPILER_APPICON_NAME = AppIcon;
				ASSETCATALOG_COMPILER_GLOBAL_ACCENT_COLOR_NAME = AccentColor;
				CODE_SIGN_STYLE = Automatic;
				CURRENT_PROJECT_VERSION = 1;
				DEVELOPMENT_ASSET_PATHS = "\"09-NoobCoders-iOS/Preview Content\"";
				DEVELOPMENT_TEAM = 67758RGQW7;
				ENABLE_PREVIEWS = YES;
				GENERATE_INFOPLIST_FILE = YES;
				INFOPLIST_KEY_UIApplicationSceneManifest_Generation = YES;
				INFOPLIST_KEY_UIApplicationSupportsIndirectInputEvents = YES;
				INFOPLIST_KEY_UILaunchScreen_Generation = YES;
				INFOPLIST_KEY_UISupportedInterfaceOrientations_iPad = "UIInterfaceOrientationPortrait UIInterfaceOrientationPortraitUpsideDown UIInterfaceOrientationLandscapeLeft UIInterfaceOrientationLandscapeRight";
				INFOPLIST_KEY_UISupportedInterfaceOrientations_iPhone = "UIInterfaceOrientationPortrait UIInterfaceOrientationLandscapeLeft UIInterfaceOrientationLandscapeRight";
				LD_RUNPATH_SEARCH_PATHS = (
					"$(inherited)",
					"@executable_path/Frameworks",
				);
				MARKETING_VERSION = 1.0;
				PRODUCT_BUNDLE_IDENTIFIER = "com.prathamesh.-9-NoobCoders-iOS";
				PRODUCT_NAME = "$(TARGET_NAME)";
				SWIFT_EMIT_LOC_STRINGS = YES;
				SWIFT_VERSION = 5.0;
				TARGETED_DEVICE_FAMILY = "1,2";
			};
			name = Debug;
		};
		4F97B29328E03443004C3BE2 /* Release */ = {
			isa = XCBuildConfiguration;
			buildSettings = {
				ASSETCATALOG_COMPILER_APPICON_NAME = AppIcon;
				ASSETCATALOG_COMPILER_GLOBAL_ACCENT_COLOR_NAME = AccentColor;
				CODE_SIGN_STYLE = Automatic;
				CURRENT_PROJECT_VERSION = 1;
				DEVELOPMENT_ASSET_PATHS = "\"09-NoobCoders-iOS/Preview Content\"";
				DEVELOPMENT_TEAM = 67758RGQW7;
				ENABLE_PREVIEWS = YES;
				GENERATE_INFOPLIST_FILE = YES;
				INFOPLIST_KEY_UIApplicationSceneManifest_Generation = YES;
				INFOPLIST_KEY_UIApplicationSupportsIndirectInputEvents = YES;
				INFOPLIST_KEY_UILaunchScreen_Generation = YES;
				INFOPLIST_KEY_UISupportedInterfaceOrientations_iPad = "UIInterfaceOrientationPortrait UIInterfaceOrientationPortraitUpsideDown UIInterfaceOrientationLandscapeLeft UIInterfaceOrientationLandscapeRight";
				INFOPLIST_KEY_UISupportedInterfaceOrientations_iPhone = "UIInterfaceOrientationPortrait UIInterfaceOrientationLandscapeLeft UIInterfaceOrientationLandscapeRight";
				LD_RUNPATH_SEARCH_PATHS = (
					"$(inherited)",
					"@executable_path/Frameworks",
				);
				MARKETING_VERSION = 1.0;
				PRODUCT_BUNDLE_IDENTIFIER = "com.prathamesh.-9-NoobCoders-iOS";
				PRODUCT_NAME = "$(TARGET_NAME)";
				SWIFT_EMIT_LOC_STRINGS = YES;
				SWIFT_VERSION = 5.0;
				TARGETED_DEVICE_FAMILY = "1,2";
			};
			name = Release;
		};
/* End XCBuildConfiguration section */

/* Begin XCConfigurationList section */
		4F97B27E28E03440004C3BE2 /* Build configuration list for PBXProject "09-NoobCoders-iOS" */ = {
			isa = XCConfigurationList;
			buildConfigurations = (
				4F97B28F28E03443004C3BE2 /* Debug */,
				4F97B29028E03443004C3BE2 /* Release */,
			);
			defaultConfigurationIsVisible = 0;
			defaultConfigurationName = Release;
		};
		4F97B29128E03443004C3BE2 /* Build configuration list for PBXNativeTarget "09-NoobCoders-iOS" */ = {
			isa = XCConfigurationList;
			buildConfigurations = (
				4F97B29228E03443004C3BE2 /* Debug */,
				4F97B29328E03443004C3BE2 /* Release */,
			);
			defaultConfigurationIsVisible = 0;
			defaultConfigurationName = Release;
		};
/* End XCConfigurationList section */

/* Begin XCRemoteSwiftPackageReference section */
		4F52973A28E0CF3D00043640 /* XCRemoteSwiftPackageReference "firebase-ios-sdk" */ = {
			isa = XCRemoteSwiftPackageReference;
			repositoryURL = "https://github.com/firebase/firebase-ios-sdk";
			requirement = {
				kind = upToNextMajorVersion;
				minimumVersion = 9.0.0;
			};
		};
/* End XCRemoteSwiftPackageReference section */

/* Begin XCSwiftPackageProductDependency section */
		4F52973B28E0CF3D00043640 /* FirebaseAuth */ = {
			isa = XCSwiftPackageProductDependency;
			package = 4F52973A28E0CF3D00043640 /* XCRemoteSwiftPackageReference "firebase-ios-sdk" */;
			productName = FirebaseAuth;
		};
		4F52973D28E0CF3D00043640 /* FirebaseFirestore */ = {
			isa = XCSwiftPackageProductDependency;
			package = 4F52973A28E0CF3D00043640 /* XCRemoteSwiftPackageReference "firebase-ios-sdk" */;
			productName = FirebaseFirestore;
		};
/* End XCSwiftPackageProductDependency section */
	};
	rootObject = 4F97B27B28E03440004C3BE2 /* Project object */;
}
